
Microsoft Visual Studio Solution File, Format Version 12.00
Project("{2150E333-8FDC-42A3-9474-1A3956D46DE8}") = "src", "src", "{840CB7AA-881D-4626-9D81-29704148DC78}"
EndProject
Project("{FAE04EC0-301F-11D3-BF4B-00C04F79EFBC}") = "Allegro.DotnetSdk", "src\Allegro.DotnetSdk\Allegro.DotnetSdk.csproj", "{655AEDF1-B3C4-4F74-9232-AA89FF07D598}"
EndProject
Project("{2150E333-8FDC-42A3-9474-1A3956D46DE8}") = "Solution Items", "Solution Items", "{6D2008CE-438E-41E9-91A2-0C91D9763686}"
	ProjectSection(SolutionItems) = preProject
		Directory.Build.props = Directory.Build.props
		Directory.Build.targets = Directory.Build.targets
		global.json = global.json
		README.md = README.md
	EndProjectSection
EndProject
Global
	GlobalSection(SolutionConfigurationPlatforms) = preSolution
		Debug|Any CPU = Debug|Any CPU
		Release|Any CPU = Release|Any CPU
	EndGlobalSection
	GlobalSection(NestedProjects) = preSolution
		{655AEDF1-B3C4-4F74-9232-AA89FF07D598} = {840CB7AA-881D-4626-9D81-29704148DC78}
	EndGlobalSection
	GlobalSection(ProjectConfigurationPlatforms) = postSolution
		{655AEDF1-B3C4-4F74-9232-AA89FF07D598}.Debug|Any CPU.ActiveCfg = Debug|Any CPU
		{655AEDF1-B3C4-4F74-9232-AA89FF07D598}.Debug|Any CPU.Build.0 = Debug|Any CPU
		{655AEDF1-B3C4-4F74-9232-AA89FF07D598}.Release|Any CPU.ActiveCfg = Release|Any CPU
		{655AEDF1-B3C4-4F74-9232-AA89FF07D598}.Release|Any CPU.Build.0 = Release|Any CPU
	EndGlobalSection
EndGlobal
